
Microsoft Visual Studio Solution File, Format Version 12.00
# Visual Studio Version 16
VisualStudioVersion = 16.0.32901.82
MinimumVisualStudioVersion = 10.0.40219.1
Project("{FAE04EC0-301F-11D3-BF4B-00C04F79EFBC}") = "Formal Specification", "Formal Specification.csproj", "{C0B3E90C-803A-49D1-A30E-1C0CDD0733F0}"
EndProject
Global
	GlobalSection(SolutionConfigurationPlatforms) = preSolution
		Debug|Any CPU = Debug|Any CPU
		Release|Any CPU = Release|Any CPU
	EndGlobalSection
	GlobalSection(ProjectConfigurationPlatforms) = postSolution
		{C0B3E90C-803A-49D1-A30E-1C0CDD0733F0}.Debug|Any CPU.ActiveCfg = Debug|Any CPU
		{C0B3E90C-803A-49D1-A30E-1C0CDD0733F0}.Debug|Any CPU.Build.0 = Debug|Any CPU
		{C0B3E90C-803A-49D1-A30E-1C0CDD0733F0}.Release|Any CPU.ActiveCfg = Release|Any CPU
		{C0B3E90C-803A-49D1-A30E-1C0CDD0733F0}.Release|Any CPU.Build.0 = Release|Any CPU
	EndGlobalSection
	GlobalSection(SolutionProperties) = preSolution
		HideSolutionNode = FALSE
	EndGlobalSection
	GlobalSection(ExtensibilityGlobals) = postSolution
		SolutionGuid = {DC1485B7-0510-4EDF-BB6A-EEA09A478856}
	EndGlobalSection
EndGlobal
